<?xml version="1.0" encoding="utf-8"?>
<Project ToolsVersion="4.0" xmlns="http://schemas.microsoft.com/developer/msbuild/2003">
  <ItemGroup>
    <Filter Include="Source Files">
      <UniqueIdentifier>{4FC737F1-C7A5-4376-A066-2A32D752A2FF}</UniqueIdentifier>
      <Extensions>cpp;c;cc;cxx;c++;cppm;ixx;def;odl;idl;hpj;bat;asm;asmx</Extensions>
    </Filter>
    <Filter Include="Header Files">
      <UniqueIdentifier>{93995380-89BD-4b04-88EB-625FBE52EBFB}</UniqueIdentifier>
      <Extensions>h;hh;hpp;hxx;h++;hm;inl;inc;ipp;xsd</Extensions>
    </Filter>
    <Filter Include="Resource Files">
      <UniqueIdentifier>{67DA6AB6-F800-4c08-8B7A-83BB121AAD01}</UniqueIdentifier>
      <Extensions>rc;ico;cur;bmp;dlg;rc2;rct;bin;rgs;gif;jpg;jpeg;jpe;resx;tiff;tif;png;wav;mfcribbon-ms</Extensions>
    </Filter>
    <Filter Include="Source Files\UI">
      <UniqueIdentifier>{06CE6FB6-FA2F-4DB8-BD51-78544C80ED55}</UniqueIdentifier>
    </Filter>
    <Filter Include="Source Files\Core">
      <UniqueIdentifier>{B7FA2A94-C635-4ED1-929D-83EDBCB960A6}</UniqueIdentifier>
    </Filter>
    <Filter Include="Source Files\UI\Tabs">
      <UniqueIdentifier>{F45A835F-5216-4D33-ADE7-F76B843BEA91}</UniqueIdentifier>
    </Filter>
    <Filter Include="Header Files\UI">
      <UniqueIdentifier>{C91835C3-C522-4B02-B850-6D98011FD894}</UniqueIdentifier>
    </Filter>
    <Filter Include="Header Files\Core">
      <UniqueIdentifier>{72AF1112-1966-46B1-A260-B19D7F99D0D9}</UniqueIdentifier>
    </Filter>
    <Filter Include="Header Files\UI\Tabs">
      <UniqueIdentifier>{4925A783-E28D-4664-98F3-C0FA4E778268}</UniqueIdentifier>
    </Filter>
  </ItemGroup>
  <ItemGroup>
    <Image Include="src\Resources\tray.png">
      <Filter>Resource Files</Filter>
    </Image>
    <Image Include="src\Resources\nav_move.png">
      <Filter>Resource Files</Filter>
    </Image>
    <Image Include="src\Resources\nav_patterns.png">
      <Filter>Resource Files</Filter>
    </Image>
    <Image Include="src\Resources\nav_map_swap.png">
      <Filter>Resource Files</Filter>
    </Image>
    <Image Include="src\Resources\nav_group_tools.png">
      <Filter>Resource Files</Filter>
    </Image>
    <Image Include="src\Resources\nav_group_backup.png">
      <Filter>Resource Files</Filter>
    </Image>
    <Image Include="src\Resources\nav_documentation.png">
      <Filter>Resource Files</Filter>
    </Image>
    <Image Include="src\Resources\nav_settings.png">
      <Filter>Resource Files</Filter>
    </Image>
  </ItemGroup>
  <ItemGroup>
    <ResourceCompile Include="src\DecoTools.rc">
      <Filter>Resource Files</Filter>
    </ResourceCompile>
  </ItemGroup>
  <ItemGroup>
    <ClCompile Include="src\Core\AppRuntime.cpp">
      <Filter>Source Files\Core</Filter>
    </ClCompile>
    <ClCompile Include="src\Core\AppSettings.cpp">
      <Filter>Source Files\Core</Filter>
    </ClCompile>
    <ClCompile Include="src\Core\DecorationDatabase.cpp">
      <Filter>Source Files\Core</Filter>
    </ClCompile>
    <ClCompile Include="src\Core\Gw2Api.cpp">
      <Filter>Source Files\Core</Filter>
    </ClCompile>
    <ClCompile Include="src\Core\GroupBackupDatabase.cpp">
      <Filter>Source Files\Core</Filter>
    </ClCompile>
    <ClCompile Include="src\Entry.cpp">
      <Filter>Source Files</Filter>
    </ClCompile>
    <ClCompile Include="src\imgui\imgui.cpp">
      <Filter>Source Files</Filter>
    </ClCompile>
    <ClCompile Include="src\imgui\imgui_draw.cpp">
      <Filter>Source Files</Filter>
    </ClCompile>
    <ClCompile Include="src\imgui\imgui_tables.cpp">
      <Filter>Source Files</Filter>
    </ClCompile>
    <ClCompile Include="src\imgui\imgui_widgets.cpp">
      <Filter>Source Files</Filter>
    </ClCompile>
    <ClCompile Include="src\UI\MainWindow.cpp">
      <Filter>Source Files\UI</Filter>
    </ClCompile>
    <ClCompile Include="src\UI\DecorationCounterWindow.cpp">
      <Filter>Source Files\UI</Filter>
    </ClCompile>
    <ClCompile Include="src\UI\Tabs\MapSwapTab.cpp">
      <Filter>Source Files\UI\Tabs</Filter>
    </ClCompile>
    <ClCompile Include="src\UI\Tabs\MergeExtractTab.cpp">
      <Filter>Source Files\UI\Tabs</Filter>
    </ClCompile>
    <ClCompile Include="src\UI\Tabs\GroupMoverTab.cpp">
      <Filter>Source Files\UI\Tabs</Filter>
    </ClCompile>
    <ClCompile Include="src\UI\Tabs\GroupBackupRestoreTab.cpp">
      <Filter>Source Files\UI\Tabs</Filter>
    </ClCompile>
    <ClCompile Include="src\UI\Tabs\MoveToolTab.cpp">
      <Filter>Source Files\UI\Tabs</Filter>
    </ClCompile>
    <ClCompile Include="src\UI\Tabs\PatternsTab.cpp">
      <Filter>Source Files\UI\Tabs</Filter>
    </ClCompile>
    <ClCompile Include="src\UI\Tabs\DocumentationTab.cpp">
      <Filter>Source Files\UI\Tabs</Filter>
    </ClCompile>
    <ClCompile Include="src\UI\Tabs\SettingsTab.cpp">
      <Filter>Source Files\UI\Tabs</Filter>
    </ClCompile>
    <ClCompile Include="src\Core\HelperApi.cpp">
      <Filter>Source Files</Filter>
    </ClCompile>
  </ItemGroup>
  <ItemGroup>
    <ClInclude Include="src\resource.h">
      <Filter>Header Files</Filter>
    </ClInclude>
    <ClInclude Include="src\Core\AppRuntime.h">
      <Filter>Header Files\Core</Filter>
    </ClInclude>
    <ClInclude Include="src\Core\AppSettings.h">
      <Filter>Header Files\Core</Filter>
    </ClInclude>
    <ClInclude Include="src\Core\DecorationDatabase.h">
      <Filter>Header Files\Core</Filter>
    </ClInclude>
    <ClInclude Include="src\Core\Gw2Api.h">
      <Filter>Header Files\Core</Filter>
    </ClInclude>
    <ClInclude Include="src\Core\GroupBackupDatabase.h">
      <Filter>Header Files\Core</Filter>
    </ClInclude>
    <ClInclude Include="src\Core\Utf8Paths.h">
      <Filter>Header Files\Core</Filter>
    </ClInclude>
    <ClInclude Include="src\Core\XmlFileUtils.h">
      <Filter>Header Files\Core</Filter>
    </ClInclude>
    <ClInclude Include="src\imgui\imconfig.h">
      <Filter>Header Files</Filter>
    </ClInclude>
    <ClInclude Include="src\imgui\imgui.h">
      <Filter>Header Files</Filter>
    </ClInclude>
    <ClInclude Include="src\imgui\imgui_internal.h">
      <Filter>Header Files</Filter>
    </ClInclude>
    <ClInclude Include="src\imgui\imstb_rectpack.h">
      <Filter>Header Files</Filter>
    </ClInclude>
    <ClInclude Include="src\imgui\imstb_textedit.h">
      <Filter>Header Files</Filter>
    </ClInclude>
    <ClInclude Include="src\imgui\imstb_truetype.h">
      <Filter>Header Files</Filter>
    </ClInclude>
    <ClInclude Include="src\mumble\Mumble.h">
      <Filter>Header Files</Filter>
    </ClInclude>
    <ClInclude Include="src\nexus\Nexus.h">
      <Filter>Header Files</Filter>
    </ClInclude>
    <ClInclude Include="src\UI\MainWindow.h">
      <Filter>Header Files\UI</Filter>
    </ClInclude>
    <ClInclude Include="src\UI\ManipulatorUtils.h">
      <Filter>Header Files\UI</Filter>
    </ClInclude>
    <ClInclude Include="src\UI\DecorationCounterWindow.h">
      <Filter>Header Files\UI</Filter>
    </ClInclude>
    <ClInclude Include="src\UI\XmlComboHelpers.h">
      <Filter>Header Files\UI</Filter>
    </ClInclude>
    <ClInclude Include="src\UI\Tabs\MapSwapTab.h">
      <Filter>Header Files\UI\Tabs</Filter>
    </ClInclude>
    <ClInclude Include="src\UI\Tabs\MergeExtractTab.h">
      <Filter>Header Files\UI\Tabs</Filter>
    </ClInclude>
    <ClInclude Include="src\UI\Tabs\GroupMoverTab.h">
      <Filter>Header Files\UI\Tabs</Filter>
    </ClInclude>
    <ClInclude Include="src\UI\Tabs\GroupBackupRestoreTab.h">
      <Filter>Header Files\UI\Tabs</Filter>
    </ClInclude>
    <ClInclude Include="src\UI\Tabs\MoveToolTab.h">
      <Filter>Header Files\UI\Tabs</Filter>
    </ClInclude>
    <ClInclude Include="src\UI\Tabs\PatternsTab.h">
      <Filter>Header Files\UI\Tabs</Filter>
    </ClInclude>
    <ClInclude Include="src\UI\Tabs\DocumentationTab.h">
      <Filter>Header Files\UI\Tabs</Filter>
    </ClInclude>
    <ClInclude Include="src\UI\Tabs\SettingsTab.h">
      <Filter>Header Files\UI\Tabs</Filter>
    </ClInclude>
    <ClInclude Include="src\Core\HelperApi.h">
      <Filter>Header Files</Filter>
    </ClInclude>
  </ItemGroup>
</Project>